
Microsoft Visual Studio Solution File, Format Version 12.00
# Visual Studio Version 17
VisualStudioVersion = 17.10.34916.146
MinimumVisualStudioVersion = 10.0.40219.1
Project("{FAE04EC0-301F-11D3-BF4B-00C04F79EFBC}") = "ToDoApp", "ToDoApp\ToDoApp.csproj", "{A3C55152-BF0C-43FA-83FE-4F1252C3FA8D}"
EndProject
Global
	GlobalSection(SolutionConfigurationPlatforms) = preSolution
		Debug|Any CPU = Debug|Any CPU
		Release|Any CPU = Release|Any CPU
	EndGlobalSection
	GlobalSection(ProjectConfigurationPlatforms) = postSolution
		{A3C55152-BF0C-43FA-83FE-4F1252C3FA8D}.Debug|Any CPU.ActiveCfg = Release|Any CPU
		{A3C55152-BF0C-43FA-83FE-4F1252C3FA8D}.Debug|Any CPU.Build.0 = Release|Any CPU
		{A3C55152-BF0C-43FA-83FE-4F1252C3FA8D}.Release|Any CPU.ActiveCfg = Release|Any CPU
		{A3C55152-BF0C-43FA-83FE-4F1252C3FA8D}.Release|Any CPU.Build.0 = Release|Any CPU
	EndGlobalSection
	GlobalSection(SolutionProperties) = preSolution
		HideSolutionNode = FALSE
	EndGlobalSection
	GlobalSection(ExtensibilityGlobals) = postSolution
		SolutionGuid = {2399E236-C412-4E2C-A28C-7C89FA8540C0}
	EndGlobalSection
EndGlobal
